
Microsoft Visual Studio Solution File, Format Version 12.00
# Visual Studio Express 2012 for Windows Phone
Project("{FAE04EC0-301F-11D3-BF4B-00C04F79EFBC}") = "Lumberjack", "Lumberjack\Lumberjack\Lumberjack.csproj", "{DCC90F31-B9AE-493B-9F40-A8431D49F7BD}"
EndProject
Project("{96E2B04D-8817-42C6-938A-82C39BA4D311}") = "LumberjackContent", "Lumberjack\LumberjackContent\LumberjackContent.contentproj", "{FBB59760-763A-4244-ABD8-68C7D5AD6CAF}"
EndProject
Global
	GlobalSection(SolutionConfigurationPlatforms) = preSolution
		Debug|Windows Phone = Debug|Windows Phone
		Release|Windows Phone = Release|Windows Phone
	EndGlobalSection
	GlobalSection(ProjectConfigurationPlatforms) = postSolution
		{DCC90F31-B9AE-493B-9F40-A8431D49F7BD}.Debug|Windows Phone.ActiveCfg = Debug|Windows Phone
		{DCC90F31-B9AE-493B-9F40-A8431D49F7BD}.Debug|Windows Phone.Build.0 = Debug|Windows Phone
		{DCC90F31-B9AE-493B-9F40-A8431D49F7BD}.Debug|Windows Phone.Deploy.0 = Debug|Windows Phone
		{DCC90F31-B9AE-493B-9F40-A8431D49F7BD}.Release|Windows Phone.ActiveCfg = Release|Windows Phone
		{DCC90F31-B9AE-493B-9F40-A8431D49F7BD}.Release|Windows Phone.Build.0 = Release|Windows Phone
		{DCC90F31-B9AE-493B-9F40-A8431D49F7BD}.Release|Windows Phone.Deploy.0 = Release|Windows Phone
		{FBB59760-763A-4244-ABD8-68C7D5AD6CAF}.Debug|Windows Phone.ActiveCfg = Debug|Windows Phone
		{FBB59760-763A-4244-ABD8-68C7D5AD6CAF}.Release|Windows Phone.ActiveCfg = Release|Windows Phone
	EndGlobalSection
	GlobalSection(SolutionProperties) = preSolution
		HideSolutionNode = FALSE
	EndGlobalSection
EndGlobal
